
Microsoft Visual Studio Solution File, Format Version 12.00
# Visual Studio 15
VisualStudioVersion = 15.0.28307.168
MinimumVisualStudioVersion = 10.0.40219.1
Project("{FAE04EC0-301F-11D3-BF4B-00C04F79EFBC}") = "FlatRent", "flatrentbackend\FlatRent.csproj", "{875AB45D-88F3-4907-A014-3F9176BBF37F}"
EndProject
Global
	GlobalSection(SolutionConfigurationPlatforms) = preSolution
		Debug|Any CPU = Debug|Any CPU
		Release|Any CPU = Release|Any CPU
	EndGlobalSection
	GlobalSection(ProjectConfigurationPlatforms) = postSolution
		{875AB45D-88F3-4907-A014-3F9176BBF37F}.Debug|Any CPU.ActiveCfg = Debug|Any CPU
		{875AB45D-88F3-4907-A014-3F9176BBF37F}.Debug|Any CPU.Build.0 = Debug|Any CPU
		{875AB45D-88F3-4907-A014-3F9176BBF37F}.Release|Any CPU.ActiveCfg = Release|Any CPU
		{875AB45D-88F3-4907-A014-3F9176BBF37F}.Release|Any CPU.Build.0 = Release|Any CPU
	EndGlobalSection
	GlobalSection(SolutionProperties) = preSolution
		HideSolutionNode = FALSE
	EndGlobalSection
	GlobalSection(ExtensibilityGlobals) = postSolution
		SolutionGuid = {34678A77-E979-4C83-8486-3323E5B000A9}
	EndGlobalSection
EndGlobal
